
Microsoft Visual Studio Solution File, Format Version 12.00
# Visual Studio Version 17
VisualStudioVersion = 17.4.33122.133
MinimumVisualStudioVersion = 10.0.40219.1
Project("{FAE04EC0-301F-11D3-BF4B-00C04F79EFBC}") = "Units_Management_System", "Units_Management_System.csproj", "{3E8FFB3E-949B-4BFA-9653-FF63A782ACD5}"
EndProject
Global
	GlobalSection(SolutionConfigurationPlatforms) = preSolution
		Debug|Any CPU = Debug|Any CPU
		Release|Any CPU = Release|Any CPU
	EndGlobalSection
	GlobalSection(ProjectConfigurationPlatforms) = postSolution
		{3E8FFB3E-949B-4BFA-9653-FF63A782ACD5}.Debug|Any CPU.ActiveCfg = Debug|Any CPU
		{3E8FFB3E-949B-4BFA-9653-FF63A782ACD5}.Debug|Any CPU.Build.0 = Debug|Any CPU
		{3E8FFB3E-949B-4BFA-9653-FF63A782ACD5}.Release|Any CPU.ActiveCfg = Release|Any CPU
		{3E8FFB3E-949B-4BFA-9653-FF63A782ACD5}.Release|Any CPU.Build.0 = Release|Any CPU
	EndGlobalSection
	GlobalSection(SolutionProperties) = preSolution
		HideSolutionNode = FALSE
	EndGlobalSection
	GlobalSection(ExtensibilityGlobals) = postSolution
		SolutionGuid = {02FE8E52-44B5-4B1B-9D91-EEB716EC14CD}
	EndGlobalSection
EndGlobal
